# THIS IS AN AUTOGENERATED FILE. DO NOT EDIT THIS FILE DIRECTLY.
# yarn lockfile v1


"@glidejs/glide@^3.5.2":
  version "3.5.2"
  resolved "https://registry.yarnpkg.com/@glidejs/glide/-/glide-3.5.2.tgz#7012c5920ecf202bbda44d8526fc979984b6dd54"
  integrity sha512-7jGciNJ2bQ4eZLSNlSZ+VAyW63kALf420CvkEpK4lEsUfWJq9odqimci0YCiyNyMUFB+pWHwLYyNc57dijYsCg==
